
Microsoft Visual Studio Solution File, Format Version 12.00
# Visual Studio Version 17
VisualStudioVersion = 17.1.32210.238
MinimumVisualStudioVersion = 17.0.0.0
Project("{FAE04EC0-301F-11D3-BF4B-00C04F79EFBC}") = "TheWorkBook.Identity", "src\TheWorkBook.Identity\TheWorkBook.Identity.csproj", "{3F4FEA43-D733-4B65-805B-F3D6162B1AAF}"
EndProject
Global
	GlobalSection(SolutionConfigurationPlatforms) = preSolution
		Debug|Any CPU = Debug|Any CPU
		Release|Any CPU = Release|Any CPU
	EndGlobalSection
	GlobalSection(ProjectConfigurationPlatforms) = postSolution
		{3F4FEA43-D733-4B65-805B-F3D6162B1AAF}.Debug|Any CPU.ActiveCfg = Debug|Any CPU
		{3F4FEA43-D733-4B65-805B-F3D6162B1AAF}.Debug|Any CPU.Build.0 = Debug|Any CPU
		{3F4FEA43-D733-4B65-805B-F3D6162B1AAF}.Release|Any CPU.ActiveCfg = Release|Any CPU
		{3F4FEA43-D733-4B65-805B-F3D6162B1AAF}.Release|Any CPU.Build.0 = Release|Any CPU
	EndGlobalSection
	GlobalSection(SolutionProperties) = preSolution
		HideSolutionNode = FALSE
	EndGlobalSection
	GlobalSection(ExtensibilityGlobals) = postSolution
		SolutionGuid = {6FF5587B-3893-43C7-9868-0EE7B9170715}
	EndGlobalSection
EndGlobal
